{
  "name": "testytesterson",
  "version": "9001.9001.9018",
  "lockfileVersion": 2,
  "requires": true,
  "packages": {
    "": {
      "name": "testytesterson",
      "version": "9001.9001.9018",
      "license": "GPL-3.0-or-later",
      "dependencies": {
        "slugify": "^1.6.5"
      },
      "engines": {
        "node": ">=14.20.1"
      }
    },
    "node_modules/slugify": {
      "version": "1.6.5",
      "resolved": "https://registry.npmjs.org/slugify/-/slugify-1.6.5.tgz",
      "integrity": "sha512-8mo9bslnBO3tr5PEVFzMPIWwWnipGS0xVbYf65zxDqfNwmzYn1LpiKNrR6DlClusuvo+hDHd1zKpmfAe83NQSQ==",
      "engines": {
        "node": ">=8.0.0"
      }
    }
  },
  "dependencies": {
    "slugify": {
      "version": "1.6.5",
      "resolved": "https://registry.npmjs.org/slugify/-/slugify-1.6.5.tgz",
      "integrity": "sha512-8mo9bslnBO3tr5PEVFzMPIWwWnipGS0xVbYf65zxDqfNwmzYn1LpiKNrR6DlClusuvo+hDHd1zKpmfAe83NQSQ=="
    }
  }
}
