{
  "name": "testytesterson",
  "version": "1.0.0",
  "lockfileVersion": 1,
  "requires": true,
  "dependencies": {
    "luxon": {
      "version": "0.5.3",
      "resolved": "https://registry.npmjs.org/luxon/-/luxon-0.5.3.tgz",
      "integrity": "sha512-b5EDZPYIY3Nj4+KjSzd1dDYJK63D2PcaI5Mjd3EicAScsnWF5gW+c0RNB7AzPO2CXxRa4dfGot0GnwpnK4Zp6w=="
    },
    "slugify": {
      "version": "1.2.9",
      "resolved": "https://registry.npmjs.org/slugify/-/slugify-1.2.9.tgz",
      "integrity": "sha512-n0cdJ+kN3slJu8SbZXt/EHjljBqF6MxvMGSg/NPpBzoY7yyXoH38wp/ox20a1JaG1KgmdTN5Lf3aS9+xB2Y2aQ=="
    }
  }
}
